
Microsoft Visual Studio Solution File, Format Version 12.00
# Visual Studio Version 17
VisualStudioVersion = 17.6.33927.249
MinimumVisualStudioVersion = 10.0.40219.1
Project("{FAE04EC0-301F-11D3-BF4B-00C04F79EFBC}") = "ClassDemoSkole", "ClassDemoSkole\ClassDemoSkole.csproj", "{A95E7ADD-7B33-4A7F-A7BD-CF950A0609C3}"
EndProject
Global
	GlobalSection(SolutionConfigurationPlatforms) = preSolution
		Debug|Any CPU = Debug|Any CPU
		Release|Any CPU = Release|Any CPU
	EndGlobalSection
	GlobalSection(ProjectConfigurationPlatforms) = postSolution
		{A95E7ADD-7B33-4A7F-A7BD-CF950A0609C3}.Debug|Any CPU.ActiveCfg = Debug|Any CPU
		{A95E7ADD-7B33-4A7F-A7BD-CF950A0609C3}.Debug|Any CPU.Build.0 = Debug|Any CPU
		{A95E7ADD-7B33-4A7F-A7BD-CF950A0609C3}.Release|Any CPU.ActiveCfg = Release|Any CPU
		{A95E7ADD-7B33-4A7F-A7BD-CF950A0609C3}.Release|Any CPU.Build.0 = Release|Any CPU
	EndGlobalSection
	GlobalSection(SolutionProperties) = preSolution
		HideSolutionNode = FALSE
	EndGlobalSection
	GlobalSection(ExtensibilityGlobals) = postSolution
		SolutionGuid = {F8BB81BA-2AC2-4298-8456-AB0FA1963469}
	EndGlobalSection
EndGlobal
